
Microsoft Visual Studio Solution File, Format Version 12.00
# Visual Studio Version 16
VisualStudioVersion = 16.6.30114.105
MinimumVisualStudioVersion = 10.0.40219.1
Project("{2150E333-8FDC-42A3-9474-1A3956D46DE8}") = "Domain", "Domain", "{A6273F63-5211-4970-A378-3D2389F466D5}"
EndProject
Project("{FAE04EC0-301F-11D3-BF4B-00C04F79EFBC}") = "NetworkConsistencyDomain", "Domain\NetworkConsistencyDomain\NetworkConsistencyDomain.csproj", "{088ED8C8-8183-4DF8-8150-DEE958F5B731}"
EndProject
Project("{2150E333-8FDC-42A3-9474-1A3956D46DE8}") = "Services", "Services", "{765203D7-F1E6-4A87-9989-92188E437DFC}"
EndProject
Project("{2150E333-8FDC-42A3-9474-1A3956D46DE8}") = "DAL", "DAL", "{FB251752-5890-43BF-880D-8F10A83B1C77}"
EndProject
Project("{FAE04EC0-301F-11D3-BF4B-00C04F79EFBC}") = "NetworkComposition", "DAL\NetworkComposition\NetworkComposition.csproj", "{D8B7DAE9-1F3B-4BCE-953F-AC3291DB290E}"
EndProject
Project("{FAE04EC0-301F-11D3-BF4B-00C04F79EFBC}") = "SensorMeasurement", "DAL\SensorMeasurement\SensorMeasurement.csproj", "{9FE5CA5B-9FA2-4F85-A93B-3CB22BA57CE4}"
EndProject
Project("{FAE04EC0-301F-11D3-BF4B-00C04F79EFBC}") = "ReportGeneratorService", "Services\ReportGeneratorService\ReportGeneratorService.csproj", "{038AE65C-067E-4282-AC27-A7F4B5513F37}"
EndProject
Project("{FAE04EC0-301F-11D3-BF4B-00C04F79EFBC}") = "ReportStorage", "DAL\ReportStorage\ReportStorage.csproj", "{5EC76D67-09D5-4842-A3E0-591D7FFA29BC}"
EndProject
Project("{2150E333-8FDC-42A3-9474-1A3956D46DE8}") = "ExternalInterfaces", "ExternalInterfaces", "{399D0BF3-1771-4B24-A881-94E2EF269B7B}"
EndProject
Project("{FAE04EC0-301F-11D3-BF4B-00C04F79EFBC}") = "ReportOperatorWeb", "ExternalInterfaces\ReportOperatorWeb\ReportOperatorWeb.csproj", "{4571B5B2-0BD8-4C54-870C-72785B79235F}"
EndProject
Project("{FAE04EC0-301F-11D3-BF4B-00C04F79EFBC}") = "ReportNotifyService", "Services\ReportNotifyService\ReportNotifyService.csproj", "{4CFF2418-556D-4367-ABA4-D17077534416}"
EndProject
Project("{FAE04EC0-301F-11D3-BF4B-00C04F79EFBC}") = "SensorMeasurementService", "Services\SensorMeasurementService\SensorMeasurementService.csproj", "{1D508504-DF61-4E7C-A8FA-6B1953C02264}"
EndProject
Project("{FAE04EC0-301F-11D3-BF4B-00C04F79EFBC}") = "SensorAdminApi", "ExternalInterfaces\SensorAdminApi\SensorAdminApi.csproj", "{0DBDB3EB-2EA4-46F0-B9C2-14A90D1B2415}"
EndProject
Global
	GlobalSection(SolutionConfigurationPlatforms) = preSolution
		Debug|Any CPU = Debug|Any CPU
		Debug|x64 = Debug|x64
		Debug|x86 = Debug|x86
		Release|Any CPU = Release|Any CPU
		Release|x64 = Release|x64
		Release|x86 = Release|x86
	EndGlobalSection
	GlobalSection(SolutionProperties) = preSolution
		HideSolutionNode = FALSE
	EndGlobalSection
	GlobalSection(NestedProjects) = preSolution
		{088ED8C8-8183-4DF8-8150-DEE958F5B731} = {A6273F63-5211-4970-A378-3D2389F466D5}
		{D8B7DAE9-1F3B-4BCE-953F-AC3291DB290E} = {FB251752-5890-43BF-880D-8F10A83B1C77}
		{9FE5CA5B-9FA2-4F85-A93B-3CB22BA57CE4} = {FB251752-5890-43BF-880D-8F10A83B1C77}
		{038AE65C-067E-4282-AC27-A7F4B5513F37} = {765203D7-F1E6-4A87-9989-92188E437DFC}
		{5EC76D67-09D5-4842-A3E0-591D7FFA29BC} = {FB251752-5890-43BF-880D-8F10A83B1C77}
		{4571B5B2-0BD8-4C54-870C-72785B79235F} = {399D0BF3-1771-4B24-A881-94E2EF269B7B}
		{4CFF2418-556D-4367-ABA4-D17077534416} = {765203D7-F1E6-4A87-9989-92188E437DFC}
		{1D508504-DF61-4E7C-A8FA-6B1953C02264} = {765203D7-F1E6-4A87-9989-92188E437DFC}
		{0DBDB3EB-2EA4-46F0-B9C2-14A90D1B2415} = {399D0BF3-1771-4B24-A881-94E2EF269B7B}
	EndGlobalSection
	GlobalSection(ProjectConfigurationPlatforms) = postSolution
		{088ED8C8-8183-4DF8-8150-DEE958F5B731}.Debug|Any CPU.ActiveCfg = Debug|Any CPU
		{088ED8C8-8183-4DF8-8150-DEE958F5B731}.Debug|Any CPU.Build.0 = Debug|Any CPU
		{088ED8C8-8183-4DF8-8150-DEE958F5B731}.Debug|x64.ActiveCfg = Debug|Any CPU
		{088ED8C8-8183-4DF8-8150-DEE958F5B731}.Debug|x64.Build.0 = Debug|Any CPU
		{088ED8C8-8183-4DF8-8150-DEE958F5B731}.Debug|x86.ActiveCfg = Debug|Any CPU
		{088ED8C8-8183-4DF8-8150-DEE958F5B731}.Debug|x86.Build.0 = Debug|Any CPU
		{088ED8C8-8183-4DF8-8150-DEE958F5B731}.Release|Any CPU.ActiveCfg = Release|Any CPU
		{088ED8C8-8183-4DF8-8150-DEE958F5B731}.Release|Any CPU.Build.0 = Release|Any CPU
		{088ED8C8-8183-4DF8-8150-DEE958F5B731}.Release|x64.ActiveCfg = Release|Any CPU
		{088ED8C8-8183-4DF8-8150-DEE958F5B731}.Release|x64.Build.0 = Release|Any CPU
		{088ED8C8-8183-4DF8-8150-DEE958F5B731}.Release|x86.ActiveCfg = Release|Any CPU
		{088ED8C8-8183-4DF8-8150-DEE958F5B731}.Release|x86.Build.0 = Release|Any CPU
		{D8B7DAE9-1F3B-4BCE-953F-AC3291DB290E}.Debug|Any CPU.ActiveCfg = Debug|Any CPU
		{D8B7DAE9-1F3B-4BCE-953F-AC3291DB290E}.Debug|Any CPU.Build.0 = Debug|Any CPU
		{D8B7DAE9-1F3B-4BCE-953F-AC3291DB290E}.Debug|x64.ActiveCfg = Debug|Any CPU
		{D8B7DAE9-1F3B-4BCE-953F-AC3291DB290E}.Debug|x64.Build.0 = Debug|Any CPU
		{D8B7DAE9-1F3B-4BCE-953F-AC3291DB290E}.Debug|x86.ActiveCfg = Debug|Any CPU
		{D8B7DAE9-1F3B-4BCE-953F-AC3291DB290E}.Debug|x86.Build.0 = Debug|Any CPU
		{D8B7DAE9-1F3B-4BCE-953F-AC3291DB290E}.Release|Any CPU.ActiveCfg = Release|Any CPU
		{D8B7DAE9-1F3B-4BCE-953F-AC3291DB290E}.Release|Any CPU.Build.0 = Release|Any CPU
		{D8B7DAE9-1F3B-4BCE-953F-AC3291DB290E}.Release|x64.ActiveCfg = Release|Any CPU
		{D8B7DAE9-1F3B-4BCE-953F-AC3291DB290E}.Release|x64.Build.0 = Release|Any CPU
		{D8B7DAE9-1F3B-4BCE-953F-AC3291DB290E}.Release|x86.ActiveCfg = Release|Any CPU
		{D8B7DAE9-1F3B-4BCE-953F-AC3291DB290E}.Release|x86.Build.0 = Release|Any CPU
		{9FE5CA5B-9FA2-4F85-A93B-3CB22BA57CE4}.Debug|Any CPU.ActiveCfg = Debug|Any CPU
		{9FE5CA5B-9FA2-4F85-A93B-3CB22BA57CE4}.Debug|Any CPU.Build.0 = Debug|Any CPU
		{9FE5CA5B-9FA2-4F85-A93B-3CB22BA57CE4}.Debug|x64.ActiveCfg = Debug|Any CPU
		{9FE5CA5B-9FA2-4F85-A93B-3CB22BA57CE4}.Debug|x64.Build.0 = Debug|Any CPU
		{9FE5CA5B-9FA2-4F85-A93B-3CB22BA57CE4}.Debug|x86.ActiveCfg = Debug|Any CPU
		{9FE5CA5B-9FA2-4F85-A93B-3CB22BA57CE4}.Debug|x86.Build.0 = Debug|Any CPU
		{9FE5CA5B-9FA2-4F85-A93B-3CB22BA57CE4}.Release|Any CPU.ActiveCfg = Release|Any CPU
		{9FE5CA5B-9FA2-4F85-A93B-3CB22BA57CE4}.Release|Any CPU.Build.0 = Release|Any CPU
		{9FE5CA5B-9FA2-4F85-A93B-3CB22BA57CE4}.Release|x64.ActiveCfg = Release|Any CPU
		{9FE5CA5B-9FA2-4F85-A93B-3CB22BA57CE4}.Release|x64.Build.0 = Release|Any CPU
		{9FE5CA5B-9FA2-4F85-A93B-3CB22BA57CE4}.Release|x86.ActiveCfg = Release|Any CPU
		{9FE5CA5B-9FA2-4F85-A93B-3CB22BA57CE4}.Release|x86.Build.0 = Release|Any CPU
		{038AE65C-067E-4282-AC27-A7F4B5513F37}.Debug|Any CPU.ActiveCfg = Debug|Any CPU
		{038AE65C-067E-4282-AC27-A7F4B5513F37}.Debug|Any CPU.Build.0 = Debug|Any CPU
		{038AE65C-067E-4282-AC27-A7F4B5513F37}.Debug|x64.ActiveCfg = Debug|Any CPU
		{038AE65C-067E-4282-AC27-A7F4B5513F37}.Debug|x64.Build.0 = Debug|Any CPU
		{038AE65C-067E-4282-AC27-A7F4B5513F37}.Debug|x86.ActiveCfg = Debug|Any CPU
		{038AE65C-067E-4282-AC27-A7F4B5513F37}.Debug|x86.Build.0 = Debug|Any CPU
		{038AE65C-067E-4282-AC27-A7F4B5513F37}.Release|Any CPU.ActiveCfg = Release|Any CPU
		{038AE65C-067E-4282-AC27-A7F4B5513F37}.Release|Any CPU.Build.0 = Release|Any CPU
		{038AE65C-067E-4282-AC27-A7F4B5513F37}.Release|x64.ActiveCfg = Release|Any CPU
		{038AE65C-067E-4282-AC27-A7F4B5513F37}.Release|x64.Build.0 = Release|Any CPU
		{038AE65C-067E-4282-AC27-A7F4B5513F37}.Release|x86.ActiveCfg = Release|Any CPU
		{038AE65C-067E-4282-AC27-A7F4B5513F37}.Release|x86.Build.0 = Release|Any CPU
		{5EC76D67-09D5-4842-A3E0-591D7FFA29BC}.Debug|Any CPU.ActiveCfg = Debug|Any CPU
		{5EC76D67-09D5-4842-A3E0-591D7FFA29BC}.Debug|Any CPU.Build.0 = Debug|Any CPU
		{5EC76D67-09D5-4842-A3E0-591D7FFA29BC}.Debug|x64.ActiveCfg = Debug|Any CPU
		{5EC76D67-09D5-4842-A3E0-591D7FFA29BC}.Debug|x64.Build.0 = Debug|Any CPU
		{5EC76D67-09D5-4842-A3E0-591D7FFA29BC}.Debug|x86.ActiveCfg = Debug|Any CPU
		{5EC76D67-09D5-4842-A3E0-591D7FFA29BC}.Debug|x86.Build.0 = Debug|Any CPU
		{5EC76D67-09D5-4842-A3E0-591D7FFA29BC}.Release|Any CPU.ActiveCfg = Release|Any CPU
		{5EC76D67-09D5-4842-A3E0-591D7FFA29BC}.Release|Any CPU.Build.0 = Release|Any CPU
		{5EC76D67-09D5-4842-A3E0-591D7FFA29BC}.Release|x64.ActiveCfg = Release|Any CPU
		{5EC76D67-09D5-4842-A3E0-591D7FFA29BC}.Release|x64.Build.0 = Release|Any CPU
		{5EC76D67-09D5-4842-A3E0-591D7FFA29BC}.Release|x86.ActiveCfg = Release|Any CPU
		{5EC76D67-09D5-4842-A3E0-591D7FFA29BC}.Release|x86.Build.0 = Release|Any CPU
		{4571B5B2-0BD8-4C54-870C-72785B79235F}.Debug|Any CPU.ActiveCfg = Debug|Any CPU
		{4571B5B2-0BD8-4C54-870C-72785B79235F}.Debug|Any CPU.Build.0 = Debug|Any CPU
		{4571B5B2-0BD8-4C54-870C-72785B79235F}.Debug|x64.ActiveCfg = Debug|Any CPU
		{4571B5B2-0BD8-4C54-870C-72785B79235F}.Debug|x64.Build.0 = Debug|Any CPU
		{4571B5B2-0BD8-4C54-870C-72785B79235F}.Debug|x86.ActiveCfg = Debug|Any CPU
		{4571B5B2-0BD8-4C54-870C-72785B79235F}.Debug|x86.Build.0 = Debug|Any CPU
		{4571B5B2-0BD8-4C54-870C-72785B79235F}.Release|Any CPU.ActiveCfg = Release|Any CPU
		{4571B5B2-0BD8-4C54-870C-72785B79235F}.Release|Any CPU.Build.0 = Release|Any CPU
		{4571B5B2-0BD8-4C54-870C-72785B79235F}.Release|x64.ActiveCfg = Release|Any CPU
		{4571B5B2-0BD8-4C54-870C-72785B79235F}.Release|x64.Build.0 = Release|Any CPU
		{4571B5B2-0BD8-4C54-870C-72785B79235F}.Release|x86.ActiveCfg = Release|Any CPU
		{4571B5B2-0BD8-4C54-870C-72785B79235F}.Release|x86.Build.0 = Release|Any CPU
		{4CFF2418-556D-4367-ABA4-D17077534416}.Debug|Any CPU.ActiveCfg = Debug|Any CPU
		{4CFF2418-556D-4367-ABA4-D17077534416}.Debug|Any CPU.Build.0 = Debug|Any CPU
		{4CFF2418-556D-4367-ABA4-D17077534416}.Debug|x64.ActiveCfg = Debug|Any CPU
		{4CFF2418-556D-4367-ABA4-D17077534416}.Debug|x64.Build.0 = Debug|Any CPU
		{4CFF2418-556D-4367-ABA4-D17077534416}.Debug|x86.ActiveCfg = Debug|Any CPU
		{4CFF2418-556D-4367-ABA4-D17077534416}.Debug|x86.Build.0 = Debug|Any CPU
		{4CFF2418-556D-4367-ABA4-D17077534416}.Release|Any CPU.ActiveCfg = Release|Any CPU
		{4CFF2418-556D-4367-ABA4-D17077534416}.Release|Any CPU.Build.0 = Release|Any CPU
		{4CFF2418-556D-4367-ABA4-D17077534416}.Release|x64.ActiveCfg = Release|Any CPU
		{4CFF2418-556D-4367-ABA4-D17077534416}.Release|x64.Build.0 = Release|Any CPU
		{4CFF2418-556D-4367-ABA4-D17077534416}.Release|x86.ActiveCfg = Release|Any CPU
		{4CFF2418-556D-4367-ABA4-D17077534416}.Release|x86.Build.0 = Release|Any CPU
		{1D508504-DF61-4E7C-A8FA-6B1953C02264}.Debug|Any CPU.ActiveCfg = Debug|Any CPU
		{1D508504-DF61-4E7C-A8FA-6B1953C02264}.Debug|Any CPU.Build.0 = Debug|Any CPU
		{1D508504-DF61-4E7C-A8FA-6B1953C02264}.Debug|x64.ActiveCfg = Debug|Any CPU
		{1D508504-DF61-4E7C-A8FA-6B1953C02264}.Debug|x64.Build.0 = Debug|Any CPU
		{1D508504-DF61-4E7C-A8FA-6B1953C02264}.Debug|x86.ActiveCfg = Debug|Any CPU
		{1D508504-DF61-4E7C-A8FA-6B1953C02264}.Debug|x86.Build.0 = Debug|Any CPU
		{1D508504-DF61-4E7C-A8FA-6B1953C02264}.Release|Any CPU.ActiveCfg = Release|Any CPU
		{1D508504-DF61-4E7C-A8FA-6B1953C02264}.Release|Any CPU.Build.0 = Release|Any CPU
		{1D508504-DF61-4E7C-A8FA-6B1953C02264}.Release|x64.ActiveCfg = Release|Any CPU
		{1D508504-DF61-4E7C-A8FA-6B1953C02264}.Release|x64.Build.0 = Release|Any CPU
		{1D508504-DF61-4E7C-A8FA-6B1953C02264}.Release|x86.ActiveCfg = Release|Any CPU
		{1D508504-DF61-4E7C-A8FA-6B1953C02264}.Release|x86.Build.0 = Release|Any CPU
		{0DBDB3EB-2EA4-46F0-B9C2-14A90D1B2415}.Debug|Any CPU.ActiveCfg = Debug|Any CPU
		{0DBDB3EB-2EA4-46F0-B9C2-14A90D1B2415}.Debug|Any CPU.Build.0 = Debug|Any CPU
		{0DBDB3EB-2EA4-46F0-B9C2-14A90D1B2415}.Debug|x64.ActiveCfg = Debug|Any CPU
		{0DBDB3EB-2EA4-46F0-B9C2-14A90D1B2415}.Debug|x64.Build.0 = Debug|Any CPU
		{0DBDB3EB-2EA4-46F0-B9C2-14A90D1B2415}.Debug|x86.ActiveCfg = Debug|Any CPU
		{0DBDB3EB-2EA4-46F0-B9C2-14A90D1B2415}.Debug|x86.Build.0 = Debug|Any CPU
		{0DBDB3EB-2EA4-46F0-B9C2-14A90D1B2415}.Release|Any CPU.ActiveCfg = Release|Any CPU
		{0DBDB3EB-2EA4-46F0-B9C2-14A90D1B2415}.Release|Any CPU.Build.0 = Release|Any CPU
		{0DBDB3EB-2EA4-46F0-B9C2-14A90D1B2415}.Release|x64.ActiveCfg = Release|Any CPU
		{0DBDB3EB-2EA4-46F0-B9C2-14A90D1B2415}.Release|x64.Build.0 = Release|Any CPU
		{0DBDB3EB-2EA4-46F0-B9C2-14A90D1B2415}.Release|x86.ActiveCfg = Release|Any CPU
		{0DBDB3EB-2EA4-46F0-B9C2-14A90D1B2415}.Release|x86.Build.0 = Release|Any CPU
	EndGlobalSection
EndGlobal
